
Microsoft Visual Studio Solution File, Format Version 12.00
# Visual Studio Version 16
VisualStudioVersion = 16.0.31515.178
MinimumVisualStudioVersion = 10.0.40219.1
Project("{9A19103F-16F7-4668-BE54-9A1E7A4F7556}") = "Desafio.API", "Desafio.API\Desafio.API.csproj", "{F54F550D-B401-4B4B-923A-C97D03EA40D1}"
EndProject
Project("{9A19103F-16F7-4668-BE54-9A1E7A4F7556}") = "Desafio.Test", "Desafio.Test\Desafio.Test.csproj", "{61FC564A-6EB4-4B01-B135-CAF54D60DE6F}"
EndProject
Global
	GlobalSection(SolutionConfigurationPlatforms) = preSolution
		Debug|Any CPU = Debug|Any CPU
		Release|Any CPU = Release|Any CPU
	EndGlobalSection
	GlobalSection(ProjectConfigurationPlatforms) = postSolution
		{F54F550D-B401-4B4B-923A-C97D03EA40D1}.Debug|Any CPU.ActiveCfg = Debug|Any CPU
		{F54F550D-B401-4B4B-923A-C97D03EA40D1}.Debug|Any CPU.Build.0 = Debug|Any CPU
		{F54F550D-B401-4B4B-923A-C97D03EA40D1}.Release|Any CPU.ActiveCfg = Release|Any CPU
		{F54F550D-B401-4B4B-923A-C97D03EA40D1}.Release|Any CPU.Build.0 = Release|Any CPU
		{61FC564A-6EB4-4B01-B135-CAF54D60DE6F}.Debug|Any CPU.ActiveCfg = Debug|Any CPU
		{61FC564A-6EB4-4B01-B135-CAF54D60DE6F}.Debug|Any CPU.Build.0 = Debug|Any CPU
		{61FC564A-6EB4-4B01-B135-CAF54D60DE6F}.Release|Any CPU.ActiveCfg = Release|Any CPU
		{61FC564A-6EB4-4B01-B135-CAF54D60DE6F}.Release|Any CPU.Build.0 = Release|Any CPU
	EndGlobalSection
	GlobalSection(SolutionProperties) = preSolution
		HideSolutionNode = FALSE
	EndGlobalSection
	GlobalSection(ExtensibilityGlobals) = postSolution
		SolutionGuid = {2B41DCF2-6C71-4346-B401-13E16BE03D1B}
	EndGlobalSection
EndGlobal
